// !$*UTF8*$!
{
	archiveVersion = 1;
	classes = {
	};
	objectVersion = 50;
	objects = {

/* Begin PBXBuildFile section */
		555879F325D3BB04004E6952 /* AppDelegate.swift in Sources */ = {isa = PBXBuildFile; fileRef = 555879F225D3BB04004E6952 /* AppDelegate.swift */; };
		555879F525D3BB04004E6952 /* SceneDelegate.swift in Sources */ = {isa = PBXBuildFile; fileRef = 555879F425D3BB04004E6952 /* SceneDelegate.swift */; };
		555879F725D3BB04004E6952 /* RedCircleView.swift in Sources */ = {isa = PBXBuildFile; fileRef = 555879F625D3BB04004E6952 /* RedCircleView.swift */; };
		555879F925D3BB05004E6952 /* Assets.xcassets in Resources */ = {isa = PBXBuildFile; fileRef = 555879F825D3BB05004E6952 /* Assets.xcassets */; };
		555879FC25D3BB05004E6952 /* Preview Assets.xcassets in Resources */ = {isa = PBXBuildFile; fileRef = 555879FB25D3BB05004E6952 /* Preview Assets.xcassets */; };
		555879FF25D3BB05004E6952 /* LaunchScreen.storyboard in Resources */ = {isa = PBXBuildFile; fileRef = 555879FD25D3BB05004E6952 /* LaunchScreen.storyboard */; };
		55587A0D25D3F8CE004E6952 /* NavigationViewApp.swift in Sources */ = {isa = PBXBuildFile; fileRef = 55587A0C25D3F8CE004E6952 /* NavigationViewApp.swift */; };
/* End PBXBuildFile section */

/* Begin PBXFileReference section */
		555879EF25D3BB04004E6952 /* NavigationInSwift.app */ = {isa = PBXFileReference; explicitFileType = wrapper.application; includeInIndex = 0; path = NavigationInSwift.app; sourceTree = BUILT_PRODUCTS_DIR; };
		555879F225D3BB04004E6952 /* AppDelegate.swift */ = {isa = PBXFileReference; lastKnownFileType = sourcecode.swift; path = AppDelegate.swift; sourceTree = "<group>"; };
		555879F425D3BB04004E6952 /* SceneDelegate.swift */ = {isa = PBXFileReference; lastKnownFileType = sourcecode.swift; path = SceneDelegate.swift; sourceTree = "<group>"; };
		555879F625D3BB04004E6952 /* RedCircleView.swift */ = {isa = PBXFileReference; lastKnownFileType = sourcecode.swift; path = RedCircleView.swift; sourceTree = "<group>"; };
		555879F825D3BB05004E6952 /* Assets.xcassets */ = {isa = PBXFileReference; lastKnownFileType = folder.assetcatalog; path = Assets.xcassets; sourceTree = "<group>"; };
		555879FB25D3BB05004E6952 /* Preview Assets.xcassets */ = {isa = PBXFileReference; lastKnownFileType = folder.assetcatalog; path = "Preview Assets.xcassets"; sourceTree = "<group>"; };
		555879FE25D3BB05004E6952 /* Base */ = {isa = PBXFileReference; lastKnownFileType = file.storyboard; name = Base; path = Base.lproj/LaunchScreen.storyboard; sourceTree = "<group>"; };
		55587A0025D3BB05004E6952 /* Info.plist */ = {isa = PBXFileReference; lastKnownFileType = text.plist.xml; path = Info.plist; sourceTree = "<group>"; };
		55587A0C25D3F8CE004E6952 /* NavigationViewApp.swift */ = {isa = PBXFileReference; lastKnownFileType = sourcecode.swift; path = NavigationViewApp.swift; sourceTree = "<group>"; };
/* End PBXFileReference section */

/* Begin PBXFrameworksBuildPhase section */
		555879EC25D3BB04004E6952 /* Frameworks */ = {
			isa = PBXFrameworksBuildPhase;
			buildActionMask = 2147483647;
			files = (
			);
			runOnlyForDeploymentPostprocessing = 0;
		};
/* End PBXFrameworksBuildPhase section */

/* Begin PBXGroup section */
		555879E625D3BB04004E6952 = {
			isa = PBXGroup;
			children = (
				555879F125D3BB04004E6952 /* NavigationInSwift */,
				555879F025D3BB04004E6952 /* Products */,
			);
			sourceTree = "<group>";
		};
		555879F025D3BB04004E6952 /* Products */ = {
			isa = PBXGroup;
			children = (
				555879EF25D3BB04004E6952 /* NavigationInSwift.app */,
			);
			name = Products;
			sourceTree = "<group>";
		};
		555879F125D3BB04004E6952 /* NavigationInSwift */ = {
			isa = PBXGroup;
			children = (
				555879F225D3BB04004E6952 /* AppDelegate.swift */,
				555879F425D3BB04004E6952 /* SceneDelegate.swift */,
				555879F625D3BB04004E6952 /* RedCircleView.swift */,
				55587A0C25D3F8CE004E6952 /* NavigationViewApp.swift */,
				555879F825D3BB05004E6952 /* Assets.xcassets */,
				555879FD25D3BB05004E6952 /* LaunchScreen.storyboard */,
				55587A0025D3BB05004E6952 /* Info.plist */,
				555879FA25D3BB05004E6952 /* Preview Content */,
			);
			path = NavigationInSwift;
			sourceTree = "<group>";
		};
		555879FA25D3BB05004E6952 /* Preview Content */ = {
			isa = PBXGroup;
			children = (
				555879FB25D3BB05004E6952 /* Preview Assets.xcassets */,
			);
			path = "Preview Content";
			sourceTree = "<group>";
		};
/* End PBXGroup section */

/* Begin PBXNativeTarget section */
		555879EE25D3BB04004E6952 /* NavigationInSwift */ = {
			isa = PBXNativeTarget;
			buildConfigurationList = 55587A0325D3BB05004E6952 /* Build configuration list for PBXNativeTarget "NavigationInSwift" */;
			buildPhases = (
				555879EB25D3BB04004E6952 /* Sources */,
				555879EC25D3BB04004E6952 /* Frameworks */,
				555879ED25D3BB04004E6952 /* Resources */,
			);
			buildRules = (
			);
			dependencies = (
			);
			name = NavigationInSwift;
			productName = NavigationInSwift;
			productReference = 555879EF25D3BB04004E6952 /* NavigationInSwift.app */;
			productType = "com.apple.product-type.application";
		};
/* End PBXNativeTarget section */

/* Begin PBXProject section */
		555879E725D3BB04004E6952 /* Project object */ = {
			isa = PBXProject;
			attributes = {
				LastSwiftUpdateCheck = 1240;
				LastUpgradeCheck = 1240;
				TargetAttributes = {
					555879EE25D3BB04004E6952 = {
						CreatedOnToolsVersion = 12.4;
					};
				};
			};
			buildConfigurationList = 555879EA25D3BB04004E6952 /* Build configuration list for PBXProject "NavigationInSwift" */;
			compatibilityVersion = "Xcode 9.3";
			developmentRegion = en;
			hasScannedForEncodings = 0;
			knownRegions = (
				en,
				Base,
			);
			mainGroup = 555879E625D3BB04004E6952;
			productRefGroup = 555879F025D3BB04004E6952 /* Products */;
			projectDirPath = "";
			projectRoot = "";
			targets = (
				555879EE25D3BB04004E6952 /* NavigationInSwift */,
			);
		};
/* End PBXProject section */

/* Begin PBXResourcesBuildPhase section */
		555879ED25D3BB04004E6952 /* Resources */ = {
			isa = PBXResourcesBuildPhase;
			buildActionMask = 2147483647;
			files = (
				555879FF25D3BB05004E6952 /* LaunchScreen.storyboard in Resources */,
				555879FC25D3BB05004E6952 /* Preview Assets.xcassets in Resources */,
				555879F925D3BB05004E6952 /* Assets.xcassets in Resources */,
			);
			runOnlyForDeploymentPostprocessing = 0;
		};
/* End PBXResourcesBuildPhase section */

/* Begin PBXSourcesBuildPhase section */
		555879EB25D3BB04004E6952 /* Sources */ = {
			isa = PBXSourcesBuildPhase;
			buildActionMask = 2147483647;
			files = (
				555879F325D3BB04004E6952 /* AppDelegate.swift in Sources */,
				555879F525D3BB04004E6952 /* SceneDelegate.swift in Sources */,
				55587A0D25D3F8CE004E6952 /* NavigationViewApp.swift in Sources */,
				555879F725D3BB04004E6952 /* RedCircleView.swift in Sources */,
			);
			runOnlyForDeploymentPostprocessing = 0;
		};
/* End PBXSourcesBuildPhase section */

/* Begin PBXVariantGroup section */
		555879FD25D3BB05004E6952 /* LaunchScreen.storyboard */ = {
			isa = PBXVariantGroup;
			children = (
				555879FE25D3BB05004E6952 /* Base */,
			);
			name = LaunchScreen.storyboard;
			sourceTree = "<group>";
		};
/* End PBXVariantGroup section */

/* Begin XCBuildConfiguration section */
		55587A0125D3BB05004E6952 /* Debug */ = {
			isa = XCBuildConfiguration;
			buildSettings = {
				ALWAYS_SEARCH_USER_PATHS = NO;
				CLANG_ANALYZER_NONNULL = YES;
				CLANG_ANALYZER_NUMBER_OBJECT_CONVERSION = YES_AGGRESSIVE;
				CLANG_CXX_LANGUAGE_STANDARD = "gnu++14";
				CLANG_CXX_LIBRARY = "libc++";
				CLANG_ENABLE_MODULES = YES;
				CLANG_ENABLE_OBJC_ARC = YES;
				CLANG_ENABLE_OBJC_WEAK = YES;
				CLANG_WARN_BLOCK_CAPTURE_AUTORELEASING = YES;
				CLANG_WARN_BOOL_CONVERSION = YES;
				CLANG_WARN_COMMA = YES;
				CLANG_WARN_CONSTANT_CONVERSION = YES;
				CLANG_WARN_DEPRECATED_OBJC_IMPLEMENTATIONS = YES;
				CLANG_WARN_DIRECT_OBJC_ISA_USAGE = YES_ERROR;
				CLANG_WARN_DOCUMENTATION_COMMENTS = YES;
				CLANG_WARN_EMPTY_BODY = YES;
				CLANG_WARN_ENUM_CONVERSION = YES;
				CLANG_WARN_INFINITE_RECURSION = YES;
				CLANG_WARN_INT_CONVERSION = YES;
				CLANG_WARN_NON_LITERAL_NULL_CONVERSION = YES;
				CLANG_WARN_OBJC_IMPLICIT_RETAIN_SELF = YES;
				CLANG_WARN_OBJC_LITERAL_CONVERSION = YES;
				CLANG_WARN_OBJC_ROOT_CLASS = YES_ERROR;
				CLANG_WARN_QUOTED_INCLUDE_IN_FRAMEWORK_HEADER = YES;
				CLANG_WARN_RANGE_LOOP_ANALYSIS = YES;
				CLANG_WARN_STRICT_PROTOTYPES = YES;
				CLANG_WARN_SUSPICIOUS_MOVE = YES;
				CLANG_WARN_UNGUARDED_AVAILABILITY = YES_AGGRESSIVE;
				CLANG_WARN_UNREACHABLE_CODE = YES;
				CLANG_WARN__DUPLICATE_METHOD_MATCH = YES;
				COPY_PHASE_STRIP = NO;
				DEBUG_INFORMATION_FORMAT = dwarf;
				ENABLE_STRICT_OBJC_MSGSEND = YES;
				ENABLE_TESTABILITY = YES;
				GCC_C_LANGUAGE_STANDARD = gnu11;
				GCC_DYNAMIC_NO_PIC = NO;
				GCC_NO_COMMON_BLOCKS = YES;
				GCC_OPTIMIZATION_LEVEL = 0;
				GCC_PREPROCESSOR_DEFINITIONS = (
					"DEBUG=1",
					"$(inherited)",
				);
				GCC_WARN_64_TO_32_BIT_CONVERSION = YES;
				GCC_WARN_ABOUT_RETURN_TYPE = YES_ERROR;
				GCC_WARN_UNDECLARED_SELECTOR = YES;
				GCC_WARN_UNINITIALIZED_AUTOS = YES_AGGRESSIVE;
				GCC_WARN_UNUSED_FUNCTION = YES;
				GCC_WARN_UNUSED_VARIABLE = YES;
				IPHONEOS_DEPLOYMENT_TARGET = 14.4;
				MTL_ENABLE_DEBUG_INFO = INCLUDE_SOURCE;
				MTL_FAST_MATH = YES;
				ONLY_ACTIVE_ARCH = YES;
				SDKROOT = iphoneos;
				SWIFT_ACTIVE_COMPILATION_CONDITIONS = DEBUG;
				SWIFT_OPTIMIZATION_LEVEL = "-Onone";
			};
			name = Debug;
		};
		55587A0225D3BB05004E6952 /* Release */ = {
			isa = XCBuildConfiguration;
			buildSettings = {
				ALWAYS_SEARCH_USER_PATHS = NO;
				CLANG_ANALYZER_NONNULL = YES;
				CLANG_ANALYZER_NUMBER_OBJECT_CONVERSION = YES_AGGRESSIVE;
				CLANG_CXX_LANGUAGE_STANDARD = "gnu++14";
				CLANG_CXX_LIBRARY = "libc++";
				CLANG_ENABLE_MODULES = YES;
				CLANG_ENABLE_OBJC_ARC = YES;
				CLANG_ENABLE_OBJC_WEAK = YES;
				CLANG_WARN_BLOCK_CAPTURE_AUTORELEASING = YES;
				CLANG_WARN_BOOL_CONVERSION = YES;
				CLANG_WARN_COMMA = YES;
				CLANG_WARN_CONSTANT_CONVERSION = YES;
				CLANG_WARN_DEPRECATED_OBJC_IMPLEMENTATIONS = YES;
				CLANG_WARN_DIRECT_OBJC_ISA_USAGE = YES_ERROR;
				CLANG_WARN_DOCUMENTATION_COMMENTS = YES;
				CLANG_WARN_EMPTY_BODY = YES;
				CLANG_WARN_ENUM_CONVERSION = YES;
				CLANG_WARN_INFINITE_RECURSION = YES;
				CLANG_WARN_INT_CONVERSION = YES;
				CLANG_WARN_NON_LITERAL_NULL_CONVERSION = YES;
				CLANG_WARN_OBJC_IMPLICIT_RETAIN_SELF = YES;
				CLANG_WARN_OBJC_LITERAL_CONVERSION = YES;
				CLANG_WARN_OBJC_ROOT_CLASS = YES_ERROR;
				CLANG_WARN_QUOTED_INCLUDE_IN_FRAMEWORK_HEADER = YES;
				CLANG_WARN_RANGE_LOOP_ANALYSIS = YES;
				CLANG_WARN_STRICT_PROTOTYPES = YES;
				CLANG_WARN_SUSPICIOUS_MOVE = YES;
				CLANG_WARN_UNGUARDED_AVAILABILITY = YES_AGGRESSIVE;
				CLANG_WARN_UNREACHABLE_CODE = YES;
				CLANG_WARN__DUPLICATE_METHOD_MATCH = YES;
				COPY_PHASE_STRIP = NO;
				DEBUG_INFORMATION_FORMAT = "dwarf-with-dsym";
				ENABLE_NS_ASSERTIONS = NO;
				ENABLE_STRICT_OBJC_MSGSEND = YES;
				GCC_C_LANGUAGE_STANDARD = gnu11;
				GCC_NO_COMMON_BLOCKS = YES;
				GCC_WARN_64_TO_32_BIT_CONVERSION = YES;
				GCC_WARN_ABOUT_RETURN_TYPE = YES_ERROR;
				GCC_WARN_UNDECLARED_SELECTOR = YES;
				GCC_WARN_UNINITIALIZED_AUTOS = YES_AGGRESSIVE;
				GCC_WARN_UNUSED_FUNCTION = YES;
				GCC_WARN_UNUSED_VARIABLE = YES;
				IPHONEOS_DEPLOYMENT_TARGET = 14.4;
				MTL_ENABLE_DEBUG_INFO = NO;
				MTL_FAST_MATH = YES;
				SDKROOT = iphoneos;
				SWIFT_COMPILATION_MODE = wholemodule;
				SWIFT_OPTIMIZATION_LEVEL = "-O";
				VALIDATE_PRODUCT = YES;
			};
			name = Release;
		};
		55587A0425D3BB05004E6952 /* Debug */ = {
			isa = XCBuildConfiguration;
			buildSettings = {
				ASSETCATALOG_COMPILER_APPICON_NAME = AppIcon;
				ASSETCATALOG_COMPILER_GLOBAL_ACCENT_COLOR_NAME = AccentColor;
				CODE_SIGN_STYLE = Automatic;
				DEVELOPMENT_ASSET_PATHS = "\"NavigationInSwift/Preview Content\"";
				DEVELOPMENT_TEAM = GJM8829Q7N;
				ENABLE_PREVIEWS = YES;
				INFOPLIST_FILE = NavigationInSwift/Info.plist;
				LD_RUNPATH_SEARCH_PATHS = (
					"$(inherited)",
					"@executable_path/Frameworks",
				);
				PRODUCT_BUNDLE_IDENTIFIER = com.gokulnair.NavigationInSwift;
				PRODUCT_NAME = "$(TARGET_NAME)";
				SWIFT_VERSION = 5.0;
				TARGETED_DEVICE_FAMILY = "1,2";
			};
			name = Debug;
		};
		55587A0525D3BB05004E6952 /* Release */ = {
			isa = XCBuildConfiguration;
			buildSettings = {
				ASSETCATALOG_COMPILER_APPICON_NAME = AppIcon;
				ASSETCATALOG_COMPILER_GLOBAL_ACCENT_COLOR_NAME = AccentColor;
				CODE_SIGN_STYLE = Automatic;
				DEVELOPMENT_ASSET_PATHS = "\"NavigationInSwift/Preview Content\"";
				DEVELOPMENT_TEAM = GJM8829Q7N;
				ENABLE_PREVIEWS = YES;
				INFOPLIST_FILE = NavigationInSwift/Info.plist;
				LD_RUNPATH_SEARCH_PATHS = (
					"$(inherited)",
					"@executable_path/Frameworks",
				);
				PRODUCT_BUNDLE_IDENTIFIER = com.gokulnair.NavigationInSwift;
				PRODUCT_NAME = "$(TARGET_NAME)";
				SWIFT_VERSION = 5.0;
				TARGETED_DEVICE_FAMILY = "1,2";
			};
			name = Release;
		};
/* End XCBuildConfiguration section */

/* Begin XCConfigurationList section */
		555879EA25D3BB04004E6952 /* Build configuration list for PBXProject "NavigationInSwift" */ = {
			isa = XCConfigurationList;
			buildConfigurations = (
				55587A0125D3BB05004E6952 /* Debug */,
				55587A0225D3BB05004E6952 /* Release */,
			);
			defaultConfigurationIsVisible = 0;
			defaultConfigurationName = Release;
		};
		55587A0325D3BB05004E6952 /* Build configuration list for PBXNativeTarget "NavigationInSwift" */ = {
			isa = XCConfigurationList;
			buildConfigurations = (
				55587A0425D3BB05004E6952 /* Debug */,
				55587A0525D3BB05004E6952 /* Release */,
			);
			defaultConfigurationIsVisible = 0;
			defaultConfigurationName = Release;
		};
/* End XCConfigurationList section */
	};
	rootObject = 555879E725D3BB04004E6952 /* Project object */;
}
